
Microsoft Visual Studio Solution File, Format Version 12.00
# Visual Studio Version 16
VisualStudioVersion = 16.0.31911.196
MinimumVisualStudioVersion = 10.0.40219.1
Project("{9A19103F-16F7-4668-BE54-9A1E7A4F7556}") = "Persistence", "Persistence\Persistence.csproj", "{0401043B-34C0-4F13-A510-40941638920E}"
EndProject
Project("{9A19103F-16F7-4668-BE54-9A1E7A4F7556}") = "Domain", "Domain\Domain.csproj", "{0AC0555A-E9B3-4653-878C-FF85D683BB86}"
EndProject
Project("{FAE04EC0-301F-11D3-BF4B-00C04F79EFBC}") = "ThreadsAppp", "ThreadsAppp\ThreadsAppp.csproj", "{C7CA8889-199B-4E3E-88C5-159022734917}"
EndProject
Global
	GlobalSection(SolutionConfigurationPlatforms) = preSolution
		Debug|Any CPU = Debug|Any CPU
		Release|Any CPU = Release|Any CPU
	EndGlobalSection
	GlobalSection(ProjectConfigurationPlatforms) = postSolution
		{0401043B-34C0-4F13-A510-40941638920E}.Debug|Any CPU.ActiveCfg = Debug|Any CPU
		{0401043B-34C0-4F13-A510-40941638920E}.Debug|Any CPU.Build.0 = Debug|Any CPU
		{0401043B-34C0-4F13-A510-40941638920E}.Release|Any CPU.ActiveCfg = Release|Any CPU
		{0401043B-34C0-4F13-A510-40941638920E}.Release|Any CPU.Build.0 = Release|Any CPU
		{0AC0555A-E9B3-4653-878C-FF85D683BB86}.Debug|Any CPU.ActiveCfg = Debug|Any CPU
		{0AC0555A-E9B3-4653-878C-FF85D683BB86}.Debug|Any CPU.Build.0 = Debug|Any CPU
		{0AC0555A-E9B3-4653-878C-FF85D683BB86}.Release|Any CPU.ActiveCfg = Release|Any CPU
		{0AC0555A-E9B3-4653-878C-FF85D683BB86}.Release|Any CPU.Build.0 = Release|Any CPU
		{C7CA8889-199B-4E3E-88C5-159022734917}.Debug|Any CPU.ActiveCfg = Debug|Any CPU
		{C7CA8889-199B-4E3E-88C5-159022734917}.Debug|Any CPU.Build.0 = Debug|Any CPU
		{C7CA8889-199B-4E3E-88C5-159022734917}.Release|Any CPU.ActiveCfg = Release|Any CPU
		{C7CA8889-199B-4E3E-88C5-159022734917}.Release|Any CPU.Build.0 = Release|Any CPU
	EndGlobalSection
	GlobalSection(SolutionProperties) = preSolution
		HideSolutionNode = FALSE
	EndGlobalSection
	GlobalSection(ExtensibilityGlobals) = postSolution
		SolutionGuid = {EF72E5CD-7339-4C36-80CC-3EDBA2A3151B}
	EndGlobalSection
EndGlobal
